// !$*UTF8*$!
{
	archiveVersion = 1;
	classes = {
	};
	objectVersion = 51;
	objects = {

/* Begin PBXBuildFile section */
		130ADDB5CBEA950E92B9BD5C /* Pods_Service_Center.framework in Frameworks */ = {isa = PBXBuildFile; fileRef = B7275F117F60389502790702 /* Pods_Service_Center.framework */; };
		1BFDD19D31C0655C6ADC9C21 /* Pods_Service_Center_Service_CenterUITests.framework in Frameworks */ = {isa = PBXBuildFile; fileRef = 0F3CA895CA4D3A4C47E93E6B /* Pods_Service_Center_Service_CenterUITests.framework */; };
		81F9A5393B327FDC3AEBF9D3 /* Pods_Service_CenterTests.framework in Frameworks */ = {isa = PBXBuildFile; fileRef = AB385D7A07C0D3F4DB626A90 /* Pods_Service_CenterTests.framework */; };
		F784C5C42354DA0300F1322D /* HomeTableViewCell.swift in Sources */ = {isa = PBXBuildFile; fileRef = F784C5C32354DA0300F1322D /* HomeTableViewCell.swift */; };
		F784C5C62354DA6B00F1322D /* ServiceCenterViewModel.swift in Sources */ = {isa = PBXBuildFile; fileRef = F784C5C52354DA6B00F1322D /* ServiceCenterViewModel.swift */; };
		F784C5C82354E3D200F1322D /* RxExtensions.swift in Sources */ = {isa = PBXBuildFile; fileRef = F784C5C72354E3D200F1322D /* RxExtensions.swift */; };
		F784C5CA2354EB2C00F1322D /* ServiceCenterDetailViewModel.swift in Sources */ = {isa = PBXBuildFile; fileRef = F784C5C92354EB2C00F1322D /* ServiceCenterDetailViewModel.swift */; };
		F794D4F0235395900023F7E9 /* AppDelegate.swift in Sources */ = {isa = PBXBuildFile; fileRef = F794D4EF235395900023F7E9 /* AppDelegate.swift */; };
		F794D4F2235395900023F7E9 /* SceneDelegate.swift in Sources */ = {isa = PBXBuildFile; fileRef = F794D4F1235395900023F7E9 /* SceneDelegate.swift */; };
		F794D4FA235395900023F7E9 /* Service_Center.xcdatamodeld in Sources */ = {isa = PBXBuildFile; fileRef = F794D4F8235395900023F7E9 /* Service_Center.xcdatamodeld */; };
		F794D4FC235395920023F7E9 /* Assets.xcassets in Resources */ = {isa = PBXBuildFile; fileRef = F794D4FB235395920023F7E9 /* Assets.xcassets */; };
		F794D4FF235395920023F7E9 /* LaunchScreen.storyboard in Resources */ = {isa = PBXBuildFile; fileRef = F794D4FD235395920023F7E9 /* LaunchScreen.storyboard */; };
		F794D50A235395920023F7E9 /* Service_CenterTests.swift in Sources */ = {isa = PBXBuildFile; fileRef = F794D509235395920023F7E9 /* Service_CenterTests.swift */; };
		F794D515235395920023F7E9 /* Service_CenterUITests.swift in Sources */ = {isa = PBXBuildFile; fileRef = F794D514235395920023F7E9 /* Service_CenterUITests.swift */; };
		F794D52423539C530023F7E9 /* API.swift in Sources */ = {isa = PBXBuildFile; fileRef = F794D52323539C530023F7E9 /* API.swift */; };
		F794D52623539C710023F7E9 /* MOHREAPI.swift in Sources */ = {isa = PBXBuildFile; fileRef = F794D52523539C710023F7E9 /* MOHREAPI.swift */; };
		F794D52923539DF90023F7E9 /* AppConfiguration.swift in Sources */ = {isa = PBXBuildFile; fileRef = F794D52823539DF90023F7E9 /* AppConfiguration.swift */; };
		F794D52B2353A02A0023F7E9 /* Logger.swift in Sources */ = {isa = PBXBuildFile; fileRef = F794D52A2353A02A0023F7E9 /* Logger.swift */; };
		F794D52D2353A1A60023F7E9 /* Utils.swift in Sources */ = {isa = PBXBuildFile; fileRef = F794D52C2353A1A60023F7E9 /* Utils.swift */; };
		F794D5312353A3DC0023F7E9 /* MOHREActivityIndicator.swift in Sources */ = {isa = PBXBuildFile; fileRef = F794D5302353A3DC0023F7E9 /* MOHREActivityIndicator.swift */; };
		F794D5342353A5E90023F7E9 /* ActivityIndicator.swift in Sources */ = {isa = PBXBuildFile; fileRef = F794D5332353A5E90023F7E9 /* ActivityIndicator.swift */; };
		F794D53B2353A8110023F7E9 /* Base.swift in Sources */ = {isa = PBXBuildFile; fileRef = F794D53A2353A8110023F7E9 /* Base.swift */; };
		F794D53E2353A8B30023F7E9 /* RxObjectMapper.swift in Sources */ = {isa = PBXBuildFile; fileRef = F794D53D2353A8B30023F7E9 /* RxObjectMapper.swift */; };
		F794D5412353ACB50023F7E9 /* Development.xcconfig in Resources */ = {isa = PBXBuildFile; fileRef = F794D5402353ACB50023F7E9 /* Development.xcconfig */; };
		F794D5482353ADEF0023F7E9 /* Home.storyboard in Resources */ = {isa = PBXBuildFile; fileRef = F794D5472353ADEF0023F7E9 /* Home.storyboard */; };
		F794D54A2353ADFC0023F7E9 /* HomeViewController.swift in Sources */ = {isa = PBXBuildFile; fileRef = F794D5492353ADFC0023F7E9 /* HomeViewController.swift */; };
		F794D54D235439BB0023F7E9 /* ServiceCenterRepository.swift in Sources */ = {isa = PBXBuildFile; fileRef = F794D54C235439BB0023F7E9 /* ServiceCenterRepository.swift */; };
		F794D54F23543A6C0023F7E9 /* ServiceCenter.swift in Sources */ = {isa = PBXBuildFile; fileRef = F794D54E23543A6C0023F7E9 /* ServiceCenter.swift */; };
		F794D55123543CEE0023F7E9 /* GenericResponse.swift in Sources */ = {isa = PBXBuildFile; fileRef = F794D55023543CEE0023F7E9 /* GenericResponse.swift */; };
		F794D55323543F110023F7E9 /* MockServiceCenterRepository.swift in Sources */ = {isa = PBXBuildFile; fileRef = F794D55223543F110023F7E9 /* MockServiceCenterRepository.swift */; };
		F794D55523543F4E0023F7E9 /* LocalServiceCenterRepository.swift in Sources */ = {isa = PBXBuildFile; fileRef = F794D55423543F4E0023F7E9 /* LocalServiceCenterRepository.swift */; };
		F794D55723543F5C0023F7E9 /* WebServiceCenterRepository.swift in Sources */ = {isa = PBXBuildFile; fileRef = F794D55623543F5C0023F7E9 /* WebServiceCenterRepository.swift */; };
		F794D5592354401B0023F7E9 /* HomeViewModel.swift in Sources */ = {isa = PBXBuildFile; fileRef = F794D5582354401B0023F7E9 /* HomeViewModel.swift */; };
		F794D55C23545BC40023F7E9 /* DetailViewController.swift in Sources */ = {isa = PBXBuildFile; fileRef = F794D55B23545BC40023F7E9 /* DetailViewController.swift */; };
		F7EE1BDE2354FED200257D96 /* SliderImageViewCell.swift in Sources */ = {isa = PBXBuildFile; fileRef = F7EE1BDD2354FED200257D96 /* SliderImageViewCell.swift */; };
		F7EE1BE02355048900257D96 /* SliderImageViewModel.swift in Sources */ = {isa = PBXBuildFile; fileRef = F7EE1BDF2355048900257D96 /* SliderImageViewModel.swift */; };
		F7EE1BE223553ECA00257D96 /* CoreDataManager.swift in Sources */ = {isa = PBXBuildFile; fileRef = F7EE1BE123553ECA00257D96 /* CoreDataManager.swift */; };
/* End PBXBuildFile section */

/* Begin PBXContainerItemProxy section */
		F794D506235395920023F7E9 /* PBXContainerItemProxy */ = {
			isa = PBXContainerItemProxy;
			containerPortal = F794D4E4235395900023F7E9 /* Project object */;
			proxyType = 1;
			remoteGlobalIDString = F794D4EB235395900023F7E9;
			remoteInfo = "Service Center";
		};
		F794D511235395920023F7E9 /* PBXContainerItemProxy */ = {
			isa = PBXContainerItemProxy;
			containerPortal = F794D4E4235395900023F7E9 /* Project object */;
			proxyType = 1;
			remoteGlobalIDString = F794D4EB235395900023F7E9;
			remoteInfo = "Service Center";
		};
/* End PBXContainerItemProxy section */

/* Begin PBXFileReference section */
		0F3CA895CA4D3A4C47E93E6B /* Pods_Service_Center_Service_CenterUITests.framework */ = {isa = PBXFileReference; explicitFileType = wrapper.framework; includeInIndex = 0; path = Pods_Service_Center_Service_CenterUITests.framework; sourceTree = BUILT_PRODUCTS_DIR; };
		19BC4FB97D38C4C0ACDCFD06 /* Pods-Service Center.debug.xcconfig */ = {isa = PBXFileReference; includeInIndex = 1; lastKnownFileType = text.xcconfig; name = "Pods-Service Center.debug.xcconfig"; path = "Target Support Files/Pods-Service Center/Pods-Service Center.debug.xcconfig"; sourceTree = "<group>"; };
		34F136CCFDACF7C788BE81E1 /* Pods-Service Center.release.xcconfig */ = {isa = PBXFileReference; includeInIndex = 1; lastKnownFileType = text.xcconfig; name = "Pods-Service Center.release.xcconfig"; path = "Target Support Files/Pods-Service Center/Pods-Service Center.release.xcconfig"; sourceTree = "<group>"; };
		774C5F7AB71B949781BE15D7 /* Pods-Service Center-Service CenterUITests.release.xcconfig */ = {isa = PBXFileReference; includeInIndex = 1; lastKnownFileType = text.xcconfig; name = "Pods-Service Center-Service CenterUITests.release.xcconfig"; path = "Target Support Files/Pods-Service Center-Service CenterUITests/Pods-Service Center-Service CenterUITests.release.xcconfig"; sourceTree = "<group>"; };
		8B1FE62EE0492A22BAD09B19 /* Pods-Service Center-Service CenterUITests.debug.xcconfig */ = {isa = PBXFileReference; includeInIndex = 1; lastKnownFileType = text.xcconfig; name = "Pods-Service Center-Service CenterUITests.debug.xcconfig"; path = "Target Support Files/Pods-Service Center-Service CenterUITests/Pods-Service Center-Service CenterUITests.debug.xcconfig"; sourceTree = "<group>"; };
		AB385D7A07C0D3F4DB626A90 /* Pods_Service_CenterTests.framework */ = {isa = PBXFileReference; explicitFileType = wrapper.framework; includeInIndex = 0; path = Pods_Service_CenterTests.framework; sourceTree = BUILT_PRODUCTS_DIR; };
		AC1239939185A5719CBFEE44 /* Pods-Service CenterTests.debug.xcconfig */ = {isa = PBXFileReference; includeInIndex = 1; lastKnownFileType = text.xcconfig; name = "Pods-Service CenterTests.debug.xcconfig"; path = "Target Support Files/Pods-Service CenterTests/Pods-Service CenterTests.debug.xcconfig"; sourceTree = "<group>"; };
		B7275F117F60389502790702 /* Pods_Service_Center.framework */ = {isa = PBXFileReference; explicitFileType = wrapper.framework; includeInIndex = 0; path = Pods_Service_Center.framework; sourceTree = BUILT_PRODUCTS_DIR; };
		E7269CB7FDF75BFB29BA4554 /* Pods-Service CenterTests.release.xcconfig */ = {isa = PBXFileReference; includeInIndex = 1; lastKnownFileType = text.xcconfig; name = "Pods-Service CenterTests.release.xcconfig"; path = "Target Support Files/Pods-Service CenterTests/Pods-Service CenterTests.release.xcconfig"; sourceTree = "<group>"; };
		F784C5C32354DA0300F1322D /* HomeTableViewCell.swift */ = {isa = PBXFileReference; lastKnownFileType = sourcecode.swift; path = HomeTableViewCell.swift; sourceTree = "<group>"; };
		F784C5C52354DA6B00F1322D /* ServiceCenterViewModel.swift */ = {isa = PBXFileReference; lastKnownFileType = sourcecode.swift; path = ServiceCenterViewModel.swift; sourceTree = "<group>"; };
		F784C5C72354E3D200F1322D /* RxExtensions.swift */ = {isa = PBXFileReference; lastKnownFileType = sourcecode.swift; path = RxExtensions.swift; sourceTree = "<group>"; };
		F784C5C92354EB2C00F1322D /* ServiceCenterDetailViewModel.swift */ = {isa = PBXFileReference; lastKnownFileType = sourcecode.swift; path = ServiceCenterDetailViewModel.swift; sourceTree = "<group>"; };
		F794D4EC235395900023F7E9 /* Service Center.app */ = {isa = PBXFileReference; explicitFileType = wrapper.application; includeInIndex = 0; path = "Service Center.app"; sourceTree = BUILT_PRODUCTS_DIR; };
		F794D4EF235395900023F7E9 /* AppDelegate.swift */ = {isa = PBXFileReference; lastKnownFileType = sourcecode.swift; path = AppDelegate.swift; sourceTree = "<group>"; };
		F794D4F1235395900023F7E9 /* SceneDelegate.swift */ = {isa = PBXFileReference; lastKnownFileType = sourcecode.swift; path = SceneDelegate.swift; sourceTree = "<group>"; };
		F794D4F9235395900023F7E9 /* Service_Center.xcdatamodel */ = {isa = PBXFileReference; lastKnownFileType = wrapper.xcdatamodel; path = Service_Center.xcdatamodel; sourceTree = "<group>"; };
		F794D4FB235395920023F7E9 /* Assets.xcassets */ = {isa = PBXFileReference; lastKnownFileType = folder.assetcatalog; path = Assets.xcassets; sourceTree = "<group>"; };
		F794D4FE235395920023F7E9 /* Base */ = {isa = PBXFileReference; lastKnownFileType = file.storyboard; name = Base; path = Base.lproj/LaunchScreen.storyboard; sourceTree = "<group>"; };
		F794D500235395920023F7E9 /* Info.plist */ = {isa = PBXFileReference; lastKnownFileType = text.plist.xml; path = Info.plist; sourceTree = "<group>"; };
		F794D505235395920023F7E9 /* Service CenterTests.xctest */ = {isa = PBXFileReference; explicitFileType = wrapper.cfbundle; includeInIndex = 0; path = "Service CenterTests.xctest"; sourceTree = BUILT_PRODUCTS_DIR; };
		F794D509235395920023F7E9 /* Service_CenterTests.swift */ = {isa = PBXFileReference; lastKnownFileType = sourcecode.swift; path = Service_CenterTests.swift; sourceTree = "<group>"; };
		F794D50B235395920023F7E9 /* Info.plist */ = {isa = PBXFileReference; lastKnownFileType = text.plist.xml; path = Info.plist; sourceTree = "<group>"; };
		F794D510235395920023F7E9 /* Service CenterUITests.xctest */ = {isa = PBXFileReference; explicitFileType = wrapper.cfbundle; includeInIndex = 0; path = "Service CenterUITests.xctest"; sourceTree = BUILT_PRODUCTS_DIR; };
		F794D514235395920023F7E9 /* Service_CenterUITests.swift */ = {isa = PBXFileReference; lastKnownFileType = sourcecode.swift; path = Service_CenterUITests.swift; sourceTree = "<group>"; };
		F794D516235395920023F7E9 /* Info.plist */ = {isa = PBXFileReference; lastKnownFileType = text.plist.xml; path = Info.plist; sourceTree = "<group>"; };
		F794D52323539C530023F7E9 /* API.swift */ = {isa = PBXFileReference; lastKnownFileType = sourcecode.swift; path = API.swift; sourceTree = "<group>"; };
		F794D52523539C710023F7E9 /* MOHREAPI.swift */ = {isa = PBXFileReference; lastKnownFileType = sourcecode.swift; name = MOHREAPI.swift; path = "/Users/shahid/Downloads/Service Center/Service Center/Networking/MOHREAPI.swift"; sourceTree = "<absolute>"; };
		F794D52823539DF90023F7E9 /* AppConfiguration.swift */ = {isa = PBXFileReference; lastKnownFileType = sourcecode.swift; path = AppConfiguration.swift; sourceTree = "<group>"; };
		F794D52A2353A02A0023F7E9 /* Logger.swift */ = {isa = PBXFileReference; lastKnownFileType = sourcecode.swift; path = Logger.swift; sourceTree = "<group>"; };
		F794D52C2353A1A60023F7E9 /* Utils.swift */ = {isa = PBXFileReference; lastKnownFileType = sourcecode.swift; path = Utils.swift; sourceTree = "<group>"; };
		F794D5302353A3DC0023F7E9 /* MOHREActivityIndicator.swift */ = {isa = PBXFileReference; lastKnownFileType = sourcecode.swift; path = MOHREActivityIndicator.swift; sourceTree = "<group>"; };
		F794D5332353A5E90023F7E9 /* ActivityIndicator.swift */ = {isa = PBXFileReference; lastKnownFileType = sourcecode.swift; path = ActivityIndicator.swift; sourceTree = "<group>"; };
		F794D53A2353A8110023F7E9 /* Base.swift */ = {isa = PBXFileReference; lastKnownFileType = sourcecode.swift; path = Base.swift; sourceTree = "<group>"; };
		F794D53D2353A8B30023F7E9 /* RxObjectMapper.swift */ = {isa = PBXFileReference; lastKnownFileType = sourcecode.swift; path = RxObjectMapper.swift; sourceTree = "<group>"; };
		F794D5402353ACB50023F7E9 /* Development.xcconfig */ = {isa = PBXFileReference; lastKnownFileType = text.xcconfig; path = Development.xcconfig; sourceTree = "<group>"; };
		F794D5452353ACDF0023F7E9 /* Production.xcconfig */ = {isa = PBXFileReference; lastKnownFileType = text.xcconfig; path = Production.xcconfig; sourceTree = "<group>"; };
		F794D5472353ADEF0023F7E9 /* Home.storyboard */ = {isa = PBXFileReference; lastKnownFileType = file.storyboard; path = Home.storyboard; sourceTree = "<group>"; };
		F794D5492353ADFC0023F7E9 /* HomeViewController.swift */ = {isa = PBXFileReference; lastKnownFileType = sourcecode.swift; path = HomeViewController.swift; sourceTree = "<group>"; };
		F794D54C235439BB0023F7E9 /* ServiceCenterRepository.swift */ = {isa = PBXFileReference; lastKnownFileType = sourcecode.swift; path = ServiceCenterRepository.swift; sourceTree = "<group>"; };
		F794D54E23543A6C0023F7E9 /* ServiceCenter.swift */ = {isa = PBXFileReference; lastKnownFileType = sourcecode.swift; path = ServiceCenter.swift; sourceTree = "<group>"; };
		F794D55023543CEE0023F7E9 /* GenericResponse.swift */ = {isa = PBXFileReference; lastKnownFileType = sourcecode.swift; path = GenericResponse.swift; sourceTree = "<group>"; };
		F794D55223543F110023F7E9 /* MockServiceCenterRepository.swift */ = {isa = PBXFileReference; lastKnownFileType = sourcecode.swift; path = MockServiceCenterRepository.swift; sourceTree = "<group>"; };
		F794D55423543F4E0023F7E9 /* LocalServiceCenterRepository.swift */ = {isa = PBXFileReference; lastKnownFileType = sourcecode.swift; path = LocalServiceCenterRepository.swift; sourceTree = "<group>"; };
		F794D55623543F5C0023F7E9 /* WebServiceCenterRepository.swift */ = {isa = PBXFileReference; lastKnownFileType = sourcecode.swift; path = WebServiceCenterRepository.swift; sourceTree = "<group>"; };
		F794D5582354401B0023F7E9 /* HomeViewModel.swift */ = {isa = PBXFileReference; lastKnownFileType = sourcecode.swift; path = HomeViewModel.swift; sourceTree = "<group>"; };
		F794D55B23545BC40023F7E9 /* DetailViewController.swift */ = {isa = PBXFileReference; lastKnownFileType = sourcecode.swift; path = DetailViewController.swift; sourceTree = "<group>"; };
		F7EE1BDD2354FED200257D96 /* SliderImageViewCell.swift */ = {isa = PBXFileReference; lastKnownFileType = sourcecode.swift; path = SliderImageViewCell.swift; sourceTree = "<group>"; };
		F7EE1BDF2355048900257D96 /* SliderImageViewModel.swift */ = {isa = PBXFileReference; lastKnownFileType = sourcecode.swift; path = SliderImageViewModel.swift; sourceTree = "<group>"; };
		F7EE1BE123553ECA00257D96 /* CoreDataManager.swift */ = {isa = PBXFileReference; lastKnownFileType = sourcecode.swift; path = CoreDataManager.swift; sourceTree = "<group>"; };
/* End PBXFileReference section */

/* Begin PBXFrameworksBuildPhase section */
		F794D4E9235395900023F7E9 /* Frameworks */ = {
			isa = PBXFrameworksBuildPhase;
			buildActionMask = 2147483647;
			files = (
				130ADDB5CBEA950E92B9BD5C /* Pods_Service_Center.framework in Frameworks */,
			);
			runOnlyForDeploymentPostprocessing = 0;
		};
		F794D502235395920023F7E9 /* Frameworks */ = {
			isa = PBXFrameworksBuildPhase;
			buildActionMask = 2147483647;
			files = (
				81F9A5393B327FDC3AEBF9D3 /* Pods_Service_CenterTests.framework in Frameworks */,
			);
			runOnlyForDeploymentPostprocessing = 0;
		};
		F794D50D235395920023F7E9 /* Frameworks */ = {
			isa = PBXFrameworksBuildPhase;
			buildActionMask = 2147483647;
			files = (
				1BFDD19D31C0655C6ADC9C21 /* Pods_Service_Center_Service_CenterUITests.framework in Frameworks */,
			);
			runOnlyForDeploymentPostprocessing = 0;
		};
/* End PBXFrameworksBuildPhase section */

/* Begin PBXGroup section */
		64D2D493F9A043E7CE2391D5 /* Frameworks */ = {
			isa = PBXGroup;
			children = (
				B7275F117F60389502790702 /* Pods_Service_Center.framework */,
				0F3CA895CA4D3A4C47E93E6B /* Pods_Service_Center_Service_CenterUITests.framework */,
				AB385D7A07C0D3F4DB626A90 /* Pods_Service_CenterTests.framework */,
			);
			name = Frameworks;
			sourceTree = "<group>";
		};
		BB83AE05DAEAD49622B85472 /* Pods */ = {
			isa = PBXGroup;
			children = (
				19BC4FB97D38C4C0ACDCFD06 /* Pods-Service Center.debug.xcconfig */,
				34F136CCFDACF7C788BE81E1 /* Pods-Service Center.release.xcconfig */,
				8B1FE62EE0492A22BAD09B19 /* Pods-Service Center-Service CenterUITests.debug.xcconfig */,
				774C5F7AB71B949781BE15D7 /* Pods-Service Center-Service CenterUITests.release.xcconfig */,
				AC1239939185A5719CBFEE44 /* Pods-Service CenterTests.debug.xcconfig */,
				E7269CB7FDF75BFB29BA4554 /* Pods-Service CenterTests.release.xcconfig */,
			);
			path = Pods;
			sourceTree = "<group>";
		};
		F794D4E3235395900023F7E9 = {
			isa = PBXGroup;
			children = (
				F794D4EE235395900023F7E9 /* Service Center */,
				F794D508235395920023F7E9 /* Service CenterTests */,
				F794D513235395920023F7E9 /* Service CenterUITests */,
				F794D4ED235395900023F7E9 /* Products */,
				BB83AE05DAEAD49622B85472 /* Pods */,
				64D2D493F9A043E7CE2391D5 /* Frameworks */,
			);
			sourceTree = "<group>";
		};
		F794D4ED235395900023F7E9 /* Products */ = {
			isa = PBXGroup;
			children = (
				F794D4EC235395900023F7E9 /* Service Center.app */,
				F794D505235395920023F7E9 /* Service CenterTests.xctest */,
				F794D510235395920023F7E9 /* Service CenterUITests.xctest */,
			);
			name = Products;
			sourceTree = "<group>";
		};
		F794D4EE235395900023F7E9 /* Service Center */ = {
			isa = PBXGroup;
			children = (
				F794D4EF235395900023F7E9 /* AppDelegate.swift */,
				F794D4F1235395900023F7E9 /* SceneDelegate.swift */,
				F794D52F2353A3BC0023F7E9 /* Modules */,
				F794D52723539DE70023F7E9 /* Helpers */,
				F794D52223539C280023F7E9 /* Networking */,
				F794D5352353A7AF0023F7E9 /* Repositories */,
				F794D5362353A7B80023F7E9 /* Domain */,
				F794D4FB235395920023F7E9 /* Assets.xcassets */,
				F794D4FD235395920023F7E9 /* LaunchScreen.storyboard */,
				F794D500235395920023F7E9 /* Info.plist */,
				F794D53F2353AC8C0023F7E9 /* Supporting files */,
				F794D4F8235395900023F7E9 /* Service_Center.xcdatamodeld */,
			);
			path = "Service Center";
			sourceTree = "<group>";
		};
		F794D508235395920023F7E9 /* Service CenterTests */ = {
			isa = PBXGroup;
			children = (
				F794D509235395920023F7E9 /* Service_CenterTests.swift */,
				F794D50B235395920023F7E9 /* Info.plist */,
			);
			path = "Service CenterTests";
			sourceTree = "<group>";
		};
		F794D513235395920023F7E9 /* Service CenterUITests */ = {
			isa = PBXGroup;
			children = (
				F794D514235395920023F7E9 /* Service_CenterUITests.swift */,
				F794D516235395920023F7E9 /* Info.plist */,
			);
			path = "Service CenterUITests";
			sourceTree = "<group>";
		};
		F794D52223539C280023F7E9 /* Networking */ = {
			isa = PBXGroup;
			children = (
				F794D52323539C530023F7E9 /* API.swift */,
				F794D52523539C710023F7E9 /* MOHREAPI.swift */,
			);
			path = Networking;
			sourceTree = "<group>";
		};
		F794D52723539DE70023F7E9 /* Helpers */ = {
			isa = PBXGroup;
			children = (
				F794D52823539DF90023F7E9 /* AppConfiguration.swift */,
				F794D52A2353A02A0023F7E9 /* Logger.swift */,
				F794D52C2353A1A60023F7E9 /* Utils.swift */,
				F784C5C72354E3D200F1322D /* RxExtensions.swift */,
				F7EE1BE123553ECA00257D96 /* CoreDataManager.swift */,
			);
			path = Helpers;
			sourceTree = "<group>";
		};
		F794D52F2353A3BC0023F7E9 /* Modules */ = {
			isa = PBXGroup;
			children = (
				F794D53C2353A89D0023F7E9 /* RxObjectMapper */,
				F794D5322353A3EC0023F7E9 /* Activity Indicator */,
			);
			path = Modules;
			sourceTree = "<group>";
		};
		F794D5322353A3EC0023F7E9 /* Activity Indicator */ = {
			isa = PBXGroup;
			children = (
				F794D5302353A3DC0023F7E9 /* MOHREActivityIndicator.swift */,
				F794D5332353A5E90023F7E9 /* ActivityIndicator.swift */,
			);
			path = "Activity Indicator";
			sourceTree = "<group>";
		};
		F794D5352353A7AF0023F7E9 /* Repositories */ = {
			isa = PBXGroup;
			children = (
				F794D54B235439A10023F7E9 /* Service Center */,
			);
			path = Repositories;
			sourceTree = "<group>";
		};
		F794D5362353A7B80023F7E9 /* Domain */ = {
			isa = PBXGroup;
			children = (
				F794D5372353A7C40023F7E9 /* Models */,
				F794D5382353A7CC0023F7E9 /* ViewModels */,
				F794D5392353A7D40023F7E9 /* Views */,
			);
			path = Domain;
			sourceTree = "<group>";
		};
		F794D5372353A7C40023F7E9 /* Models */ = {
			isa = PBXGroup;
			children = (
				F794D53A2353A8110023F7E9 /* Base.swift */,
				F794D55023543CEE0023F7E9 /* GenericResponse.swift */,
				F794D54E23543A6C0023F7E9 /* ServiceCenter.swift */,
			);
			path = Models;
			sourceTree = "<group>";
		};
		F794D5382353A7CC0023F7E9 /* ViewModels */ = {
			isa = PBXGroup;
			children = (
				F794D5582354401B0023F7E9 /* HomeViewModel.swift */,
				F784C5C52354DA6B00F1322D /* ServiceCenterViewModel.swift */,
				F784C5C92354EB2C00F1322D /* ServiceCenterDetailViewModel.swift */,
				F7EE1BDF2355048900257D96 /* SliderImageViewModel.swift */,
			);
			path = ViewModels;
			sourceTree = "<group>";
		};
		F794D5392353A7D40023F7E9 /* Views */ = {
			isa = PBXGroup;
			children = (
				F794D5462353ADE10023F7E9 /* Home */,
			);
			path = Views;
			sourceTree = "<group>";
		};
		F794D53C2353A89D0023F7E9 /* RxObjectMapper */ = {
			isa = PBXGroup;
			children = (
				F794D53D2353A8B30023F7E9 /* RxObjectMapper.swift */,
			);
			path = RxObjectMapper;
			sourceTree = "<group>";
		};
		F794D53F2353AC8C0023F7E9 /* Supporting files */ = {
			isa = PBXGroup;
			children = (
				F794D5422353ACBA0023F7E9 /* Configurations */,
			);
			path = "Supporting files";
			sourceTree = "<group>";
		};
		F794D5422353ACBA0023F7E9 /* Configurations */ = {
			isa = PBXGroup;
			children = (
				F794D5402353ACB50023F7E9 /* Development.xcconfig */,
				F794D5452353ACDF0023F7E9 /* Production.xcconfig */,
			);
			path = Configurations;
			sourceTree = "<group>";
		};
		F794D5462353ADE10023F7E9 /* Home */ = {
			isa = PBXGroup;
			children = (
				F794D5492353ADFC0023F7E9 /* HomeViewController.swift */,
				F784C5C32354DA0300F1322D /* HomeTableViewCell.swift */,
				F794D5472353ADEF0023F7E9 /* Home.storyboard */,
				F794D55A23545B9D0023F7E9 /* Detail */,
			);
			path = Home;
			sourceTree = "<group>";
		};
		F794D54B235439A10023F7E9 /* Service Center */ = {
			isa = PBXGroup;
			children = (
				F794D54C235439BB0023F7E9 /* ServiceCenterRepository.swift */,
				F794D55223543F110023F7E9 /* MockServiceCenterRepository.swift */,
				F794D55423543F4E0023F7E9 /* LocalServiceCenterRepository.swift */,
				F794D55623543F5C0023F7E9 /* WebServiceCenterRepository.swift */,
			);
			path = "Service Center";
			sourceTree = "<group>";
		};
		F794D55A23545B9D0023F7E9 /* Detail */ = {
			isa = PBXGroup;
			children = (
				F794D55B23545BC40023F7E9 /* DetailViewController.swift */,
				F7EE1BDD2354FED200257D96 /* SliderImageViewCell.swift */,
			);
			path = Detail;
			sourceTree = "<group>";
		};
/* End PBXGroup section */

/* Begin PBXNativeTarget section */
		F794D4EB235395900023F7E9 /* Service Center */ = {
			isa = PBXNativeTarget;
			buildConfigurationList = F794D519235395920023F7E9 /* Build configuration list for PBXNativeTarget "Service Center" */;
			buildPhases = (
				B7A5A803C219B23E2CEDDDFC /* [CP] Check Pods Manifest.lock */,
				F794D4E8235395900023F7E9 /* Sources */,
				F794D4E9235395900023F7E9 /* Frameworks */,
				F794D4EA235395900023F7E9 /* Resources */,
				3749D7D6213B244823FEA61D /* [CP] Embed Pods Frameworks */,
			);
			buildRules = (
			);
			dependencies = (
			);
			name = "Service Center";
			productName = "Service Center";
			productReference = F794D4EC235395900023F7E9 /* Service Center.app */;
			productType = "com.apple.product-type.application";
		};
		F794D504235395920023F7E9 /* Service CenterTests */ = {
			isa = PBXNativeTarget;
			buildConfigurationList = F794D51C235395920023F7E9 /* Build configuration list for PBXNativeTarget "Service CenterTests" */;
			buildPhases = (
				405458D36D08B6DFCE3B4434 /* [CP] Check Pods Manifest.lock */,
				F794D501235395920023F7E9 /* Sources */,
				F794D502235395920023F7E9 /* Frameworks */,
				F794D503235395920023F7E9 /* Resources */,
			);
			buildRules = (
			);
			dependencies = (
				F794D507235395920023F7E9 /* PBXTargetDependency */,
			);
			name = "Service CenterTests";
			productName = "Service CenterTests";
			productReference = F794D505235395920023F7E9 /* Service CenterTests.xctest */;
			productType = "com.apple.product-type.bundle.unit-test";
		};
		F794D50F235395920023F7E9 /* Service CenterUITests */ = {
			isa = PBXNativeTarget;
			buildConfigurationList = F794D51F235395920023F7E9 /* Build configuration list for PBXNativeTarget "Service CenterUITests" */;
			buildPhases = (
				909AD4D52D67E1DABF1A6208 /* [CP] Check Pods Manifest.lock */,
				F794D50C235395920023F7E9 /* Sources */,
				F794D50D235395920023F7E9 /* Frameworks */,
				F794D50E235395920023F7E9 /* Resources */,
				9757142678B6348DF54F30D5 /* [CP] Embed Pods Frameworks */,
			);
			buildRules = (
			);
			dependencies = (
				F794D512235395920023F7E9 /* PBXTargetDependency */,
			);
			name = "Service CenterUITests";
			productName = "Service CenterUITests";
			productReference = F794D510235395920023F7E9 /* Service CenterUITests.xctest */;
			productType = "com.apple.product-type.bundle.ui-testing";
		};
/* End PBXNativeTarget section */

/* Begin PBXProject section */
		F794D4E4235395900023F7E9 /* Project object */ = {
			isa = PBXProject;
			attributes = {
				LastSwiftUpdateCheck = 1110;
				LastUpgradeCheck = 1110;
				ORGANIZATIONNAME = MOHRE;
				TargetAttributes = {
					F794D4EB235395900023F7E9 = {
						CreatedOnToolsVersion = 11.1;
					};
					F794D504235395920023F7E9 = {
						CreatedOnToolsVersion = 11.1;
						TestTargetID = F794D4EB235395900023F7E9;
					};
					F794D50F235395920023F7E9 = {
						CreatedOnToolsVersion = 11.1;
						TestTargetID = F794D4EB235395900023F7E9;
					};
				};
			};
			buildConfigurationList = F794D4E7235395900023F7E9 /* Build configuration list for PBXProject "Service Center" */;
			compatibilityVersion = "Xcode 9.3";
			developmentRegion = en;
			hasScannedForEncodings = 0;
			knownRegions = (
				en,
				Base,
			);
			mainGroup = F794D4E3235395900023F7E9;
			productRefGroup = F794D4ED235395900023F7E9 /* Products */;
			projectDirPath = "";
			projectRoot = "";
			targets = (
				F794D4EB235395900023F7E9 /* Service Center */,
				F794D504235395920023F7E9 /* Service CenterTests */,
				F794D50F235395920023F7E9 /* Service CenterUITests */,
			);
		};
/* End PBXProject section */

/* Begin PBXResourcesBuildPhase section */
		F794D4EA235395900023F7E9 /* Resources */ = {
			isa = PBXResourcesBuildPhase;
			buildActionMask = 2147483647;
			files = (
				F794D5412353ACB50023F7E9 /* Development.xcconfig in Resources */,
				F794D4FF235395920023F7E9 /* LaunchScreen.storyboard in Resources */,
				F794D4FC235395920023F7E9 /* Assets.xcassets in Resources */,
				F794D5482353ADEF0023F7E9 /* Home.storyboard in Resources */,
			);
			runOnlyForDeploymentPostprocessing = 0;
		};
		F794D503235395920023F7E9 /* Resources */ = {
			isa = PBXResourcesBuildPhase;
			buildActionMask = 2147483647;
			files = (
			);
			runOnlyForDeploymentPostprocessing = 0;
		};
		F794D50E235395920023F7E9 /* Resources */ = {
			isa = PBXResourcesBuildPhase;
			buildActionMask = 2147483647;
			files = (
			);
			runOnlyForDeploymentPostprocessing = 0;
		};
/* End PBXResourcesBuildPhase section */

/* Begin PBXShellScriptBuildPhase section */
		3749D7D6213B244823FEA61D /* [CP] Embed Pods Frameworks */ = {
			isa = PBXShellScriptBuildPhase;
			buildActionMask = 2147483647;
			files = (
			);
			inputFileListPaths = (
				"${PODS_ROOT}/Target Support Files/Pods-Service Center/Pods-Service Center-frameworks-${CONFIGURATION}-input-files.xcfilelist",
			);
			name = "[CP] Embed Pods Frameworks";
			outputFileListPaths = (
				"${PODS_ROOT}/Target Support Files/Pods-Service Center/Pods-Service Center-frameworks-${CONFIGURATION}-output-files.xcfilelist",
			);
			runOnlyForDeploymentPostprocessing = 0;
			shellPath = /bin/sh;
			shellScript = "\"${PODS_ROOT}/Target Support Files/Pods-Service Center/Pods-Service Center-frameworks.sh\"\n";
			showEnvVarsInLog = 0;
		};
		405458D36D08B6DFCE3B4434 /* [CP] Check Pods Manifest.lock */ = {
			isa = PBXShellScriptBuildPhase;
			buildActionMask = 2147483647;
			files = (
			);
			inputFileListPaths = (
			);
			inputPaths = (
				"${PODS_PODFILE_DIR_PATH}/Podfile.lock",
				"${PODS_ROOT}/Manifest.lock",
			);
			name = "[CP] Check Pods Manifest.lock";
			outputFileListPaths = (
			);
			outputPaths = (
				"$(DERIVED_FILE_DIR)/Pods-Service CenterTests-checkManifestLockResult.txt",
			);
			runOnlyForDeploymentPostprocessing = 0;
			shellPath = /bin/sh;
			shellScript = "diff \"${PODS_PODFILE_DIR_PATH}/Podfile.lock\" \"${PODS_ROOT}/Manifest.lock\" > /dev/null\nif [ $? != 0 ] ; then\n    # print error to STDERR\n    echo \"error: The sandbox is not in sync with the Podfile.lock. Run 'pod install' or update your CocoaPods installation.\" >&2\n    exit 1\nfi\n# This output is used by Xcode 'outputs' to avoid re-running this script phase.\necho \"SUCCESS\" > \"${SCRIPT_OUTPUT_FILE_0}\"\n";
			showEnvVarsInLog = 0;
		};
		909AD4D52D67E1DABF1A6208 /* [CP] Check Pods Manifest.lock */ = {
			isa = PBXShellScriptBuildPhase;
			buildActionMask = 2147483647;
			files = (
			);
			inputFileListPaths = (
			);
			inputPaths = (
				"${PODS_PODFILE_DIR_PATH}/Podfile.lock",
				"${PODS_ROOT}/Manifest.lock",
			);
			name = "[CP] Check Pods Manifest.lock";
			outputFileListPaths = (
			);
			outputPaths = (
				"$(DERIVED_FILE_DIR)/Pods-Service Center-Service CenterUITests-checkManifestLockResult.txt",
			);
			runOnlyForDeploymentPostprocessing = 0;
			shellPath = /bin/sh;
			shellScript = "diff \"${PODS_PODFILE_DIR_PATH}/Podfile.lock\" \"${PODS_ROOT}/Manifest.lock\" > /dev/null\nif [ $? != 0 ] ; then\n    # print error to STDERR\n    echo \"error: The sandbox is not in sync with the Podfile.lock. Run 'pod install' or update your CocoaPods installation.\" >&2\n    exit 1\nfi\n# This output is used by Xcode 'outputs' to avoid re-running this script phase.\necho \"SUCCESS\" > \"${SCRIPT_OUTPUT_FILE_0}\"\n";
			showEnvVarsInLog = 0;
		};
		9757142678B6348DF54F30D5 /* [CP] Embed Pods Frameworks */ = {
			isa = PBXShellScriptBuildPhase;
			buildActionMask = 2147483647;
			files = (
			);
			inputFileListPaths = (
				"${PODS_ROOT}/Target Support Files/Pods-Service Center-Service CenterUITests/Pods-Service Center-Service CenterUITests-frameworks-${CONFIGURATION}-input-files.xcfilelist",
			);
			name = "[CP] Embed Pods Frameworks";
			outputFileListPaths = (
				"${PODS_ROOT}/Target Support Files/Pods-Service Center-Service CenterUITests/Pods-Service Center-Service CenterUITests-frameworks-${CONFIGURATION}-output-files.xcfilelist",
			);
			runOnlyForDeploymentPostprocessing = 0;
			shellPath = /bin/sh;
			shellScript = "\"${PODS_ROOT}/Target Support Files/Pods-Service Center-Service CenterUITests/Pods-Service Center-Service CenterUITests-frameworks.sh\"\n";
			showEnvVarsInLog = 0;
		};
		B7A5A803C219B23E2CEDDDFC /* [CP] Check Pods Manifest.lock */ = {
			isa = PBXShellScriptBuildPhase;
			buildActionMask = 2147483647;
			files = (
			);
			inputFileListPaths = (
			);
			inputPaths = (
				"${PODS_PODFILE_DIR_PATH}/Podfile.lock",
				"${PODS_ROOT}/Manifest.lock",
			);
			name = "[CP] Check Pods Manifest.lock";
			outputFileListPaths = (
			);
			outputPaths = (
				"$(DERIVED_FILE_DIR)/Pods-Service Center-checkManifestLockResult.txt",
			);
			runOnlyForDeploymentPostprocessing = 0;
			shellPath = /bin/sh;
			shellScript = "diff \"${PODS_PODFILE_DIR_PATH}/Podfile.lock\" \"${PODS_ROOT}/Manifest.lock\" > /dev/null\nif [ $? != 0 ] ; then\n    # print error to STDERR\n    echo \"error: The sandbox is not in sync with the Podfile.lock. Run 'pod install' or update your CocoaPods installation.\" >&2\n    exit 1\nfi\n# This output is used by Xcode 'outputs' to avoid re-running this script phase.\necho \"SUCCESS\" > \"${SCRIPT_OUTPUT_FILE_0}\"\n";
			showEnvVarsInLog = 0;
		};
/* End PBXShellScriptBuildPhase section */

/* Begin PBXSourcesBuildPhase section */
		F794D4E8235395900023F7E9 /* Sources */ = {
			isa = PBXSourcesBuildPhase;
			buildActionMask = 2147483647;
			files = (
				F794D52623539C710023F7E9 /* MOHREAPI.swift in Sources */,
				F784C5C62354DA6B00F1322D /* ServiceCenterViewModel.swift in Sources */,
				F794D4FA235395900023F7E9 /* Service_Center.xcdatamodeld in Sources */,
				F794D52D2353A1A60023F7E9 /* Utils.swift in Sources */,
				F794D5592354401B0023F7E9 /* HomeViewModel.swift in Sources */,
				F794D4F0235395900023F7E9 /* AppDelegate.swift in Sources */,
				F794D55523543F4E0023F7E9 /* LocalServiceCenterRepository.swift in Sources */,
				F7EE1BE02355048900257D96 /* SliderImageViewModel.swift in Sources */,
				F784C5C82354E3D200F1322D /* RxExtensions.swift in Sources */,
				F794D55C23545BC40023F7E9 /* DetailViewController.swift in Sources */,
				F794D54D235439BB0023F7E9 /* ServiceCenterRepository.swift in Sources */,
				F794D5342353A5E90023F7E9 /* ActivityIndicator.swift in Sources */,
				F784C5CA2354EB2C00F1322D /* ServiceCenterDetailViewModel.swift in Sources */,
				F794D53E2353A8B30023F7E9 /* RxObjectMapper.swift in Sources */,
				F794D55323543F110023F7E9 /* MockServiceCenterRepository.swift in Sources */,
				F794D4F2235395900023F7E9 /* SceneDelegate.swift in Sources */,
				F794D5312353A3DC0023F7E9 /* MOHREActivityIndicator.swift in Sources */,
				F794D55723543F5C0023F7E9 /* WebServiceCenterRepository.swift in Sources */,
				F794D52923539DF90023F7E9 /* AppConfiguration.swift in Sources */,
				F794D52423539C530023F7E9 /* API.swift in Sources */,
				F784C5C42354DA0300F1322D /* HomeTableViewCell.swift in Sources */,
				F794D52B2353A02A0023F7E9 /* Logger.swift in Sources */,
				F7EE1BDE2354FED200257D96 /* SliderImageViewCell.swift in Sources */,
				F794D55123543CEE0023F7E9 /* GenericResponse.swift in Sources */,
				F794D54F23543A6C0023F7E9 /* ServiceCenter.swift in Sources */,
				F794D54A2353ADFC0023F7E9 /* HomeViewController.swift in Sources */,
				F7EE1BE223553ECA00257D96 /* CoreDataManager.swift in Sources */,
				F794D53B2353A8110023F7E9 /* Base.swift in Sources */,
			);
			runOnlyForDeploymentPostprocessing = 0;
		};
		F794D501235395920023F7E9 /* Sources */ = {
			isa = PBXSourcesBuildPhase;
			buildActionMask = 2147483647;
			files = (
				F794D50A235395920023F7E9 /* Service_CenterTests.swift in Sources */,
			);
			runOnlyForDeploymentPostprocessing = 0;
		};
		F794D50C235395920023F7E9 /* Sources */ = {
			isa = PBXSourcesBuildPhase;
			buildActionMask = 2147483647;
			files = (
				F794D515235395920023F7E9 /* Service_CenterUITests.swift in Sources */,
			);
			runOnlyForDeploymentPostprocessing = 0;
		};
/* End PBXSourcesBuildPhase section */

/* Begin PBXTargetDependency section */
		F794D507235395920023F7E9 /* PBXTargetDependency */ = {
			isa = PBXTargetDependency;
			target = F794D4EB235395900023F7E9 /* Service Center */;
			targetProxy = F794D506235395920023F7E9 /* PBXContainerItemProxy */;
		};
		F794D512235395920023F7E9 /* PBXTargetDependency */ = {
			isa = PBXTargetDependency;
			target = F794D4EB235395900023F7E9 /* Service Center */;
			targetProxy = F794D511235395920023F7E9 /* PBXContainerItemProxy */;
		};
/* End PBXTargetDependency section */

/* Begin PBXVariantGroup section */
		F794D4FD235395920023F7E9 /* LaunchScreen.storyboard */ = {
			isa = PBXVariantGroup;
			children = (
				F794D4FE235395920023F7E9 /* Base */,
			);
			name = LaunchScreen.storyboard;
			sourceTree = "<group>";
		};
/* End PBXVariantGroup section */

/* Begin XCBuildConfiguration section */
		F794D517235395920023F7E9 /* Debug */ = {
			isa = XCBuildConfiguration;
			baseConfigurationReference = F794D5402353ACB50023F7E9 /* Development.xcconfig */;
			buildSettings = {
				ALWAYS_SEARCH_USER_PATHS = NO;
				CLANG_ANALYZER_NONNULL = YES;
				CLANG_ANALYZER_NUMBER_OBJECT_CONVERSION = YES_AGGRESSIVE;
				CLANG_CXX_LANGUAGE_STANDARD = "gnu++14";
				CLANG_CXX_LIBRARY = "libc++";
				CLANG_ENABLE_MODULES = YES;
				CLANG_ENABLE_OBJC_ARC = YES;
				CLANG_ENABLE_OBJC_WEAK = YES;
				CLANG_WARN_BLOCK_CAPTURE_AUTORELEASING = YES;
				CLANG_WARN_BOOL_CONVERSION = YES;
				CLANG_WARN_COMMA = YES;
				CLANG_WARN_CONSTANT_CONVERSION = YES;
				CLANG_WARN_DEPRECATED_OBJC_IMPLEMENTATIONS = YES;
				CLANG_WARN_DIRECT_OBJC_ISA_USAGE = YES_ERROR;
				CLANG_WARN_DOCUMENTATION_COMMENTS = YES;
				CLANG_WARN_EMPTY_BODY = YES;
				CLANG_WARN_ENUM_CONVERSION = YES;
				CLANG_WARN_INFINITE_RECURSION = YES;
				CLANG_WARN_INT_CONVERSION = YES;
				CLANG_WARN_NON_LITERAL_NULL_CONVERSION = YES;
				CLANG_WARN_OBJC_IMPLICIT_RETAIN_SELF = YES;
				CLANG_WARN_OBJC_LITERAL_CONVERSION = YES;
				CLANG_WARN_OBJC_ROOT_CLASS = YES_ERROR;
				CLANG_WARN_RANGE_LOOP_ANALYSIS = YES;
				CLANG_WARN_STRICT_PROTOTYPES = YES;
				CLANG_WARN_SUSPICIOUS_MOVE = YES;
				CLANG_WARN_UNGUARDED_AVAILABILITY = YES_AGGRESSIVE;
				CLANG_WARN_UNREACHABLE_CODE = YES;
				CLANG_WARN__DUPLICATE_METHOD_MATCH = YES;
				COPY_PHASE_STRIP = NO;
				DEBUG_INFORMATION_FORMAT = dwarf;
				ENABLE_STRICT_OBJC_MSGSEND = YES;
				ENABLE_TESTABILITY = YES;
				GCC_C_LANGUAGE_STANDARD = gnu11;
				GCC_DYNAMIC_NO_PIC = NO;
				GCC_NO_COMMON_BLOCKS = YES;
				GCC_OPTIMIZATION_LEVEL = 0;
				GCC_PREPROCESSOR_DEFINITIONS = (
					"DEBUG=1",
					"$(inherited)",
				);
				GCC_WARN_64_TO_32_BIT_CONVERSION = YES;
				GCC_WARN_ABOUT_RETURN_TYPE = YES_ERROR;
				GCC_WARN_UNDECLARED_SELECTOR = YES;
				GCC_WARN_UNINITIALIZED_AUTOS = YES_AGGRESSIVE;
				GCC_WARN_UNUSED_FUNCTION = YES;
				GCC_WARN_UNUSED_VARIABLE = YES;
				IPHONEOS_DEPLOYMENT_TARGET = 13.1;
				MTL_ENABLE_DEBUG_INFO = INCLUDE_SOURCE;
				MTL_FAST_MATH = YES;
				ONLY_ACTIVE_ARCH = YES;
				SDKROOT = iphoneos;
				SWIFT_ACTIVE_COMPILATION_CONDITIONS = DEBUG;
				SWIFT_OPTIMIZATION_LEVEL = "-Onone";
			};
			name = Debug;
		};
		F794D518235395920023F7E9 /* Release */ = {
			isa = XCBuildConfiguration;
			baseConfigurationReference = F794D5452353ACDF0023F7E9 /* Production.xcconfig */;
			buildSettings = {
				ALWAYS_SEARCH_USER_PATHS = NO;
				CLANG_ANALYZER_NONNULL = YES;
				CLANG_ANALYZER_NUMBER_OBJECT_CONVERSION = YES_AGGRESSIVE;
				CLANG_CXX_LANGUAGE_STANDARD = "gnu++14";
				CLANG_CXX_LIBRARY = "libc++";
				CLANG_ENABLE_MODULES = YES;
				CLANG_ENABLE_OBJC_ARC = YES;
				CLANG_ENABLE_OBJC_WEAK = YES;
				CLANG_WARN_BLOCK_CAPTURE_AUTORELEASING = YES;
				CLANG_WARN_BOOL_CONVERSION = YES;
				CLANG_WARN_COMMA = YES;
				CLANG_WARN_CONSTANT_CONVERSION = YES;
				CLANG_WARN_DEPRECATED_OBJC_IMPLEMENTATIONS = YES;
				CLANG_WARN_DIRECT_OBJC_ISA_USAGE = YES_ERROR;
				CLANG_WARN_DOCUMENTATION_COMMENTS = YES;
				CLANG_WARN_EMPTY_BODY = YES;
				CLANG_WARN_ENUM_CONVERSION = YES;
				CLANG_WARN_INFINITE_RECURSION = YES;
				CLANG_WARN_INT_CONVERSION = YES;
				CLANG_WARN_NON_LITERAL_NULL_CONVERSION = YES;
				CLANG_WARN_OBJC_IMPLICIT_RETAIN_SELF = YES;
				CLANG_WARN_OBJC_LITERAL_CONVERSION = YES;
				CLANG_WARN_OBJC_ROOT_CLASS = YES_ERROR;
				CLANG_WARN_RANGE_LOOP_ANALYSIS = YES;
				CLANG_WARN_STRICT_PROTOTYPES = YES;
				CLANG_WARN_SUSPICIOUS_MOVE = YES;
				CLANG_WARN_UNGUARDED_AVAILABILITY = YES_AGGRESSIVE;
				CLANG_WARN_UNREACHABLE_CODE = YES;
				CLANG_WARN__DUPLICATE_METHOD_MATCH = YES;
				COPY_PHASE_STRIP = NO;
				DEBUG_INFORMATION_FORMAT = "dwarf-with-dsym";
				ENABLE_NS_ASSERTIONS = NO;
				ENABLE_STRICT_OBJC_MSGSEND = YES;
				GCC_C_LANGUAGE_STANDARD = gnu11;
				GCC_NO_COMMON_BLOCKS = YES;
				GCC_WARN_64_TO_32_BIT_CONVERSION = YES;
				GCC_WARN_ABOUT_RETURN_TYPE = YES_ERROR;
				GCC_WARN_UNDECLARED_SELECTOR = YES;
				GCC_WARN_UNINITIALIZED_AUTOS = YES_AGGRESSIVE;
				GCC_WARN_UNUSED_FUNCTION = YES;
				GCC_WARN_UNUSED_VARIABLE = YES;
				IPHONEOS_DEPLOYMENT_TARGET = 13.1;
				MTL_ENABLE_DEBUG_INFO = NO;
				MTL_FAST_MATH = YES;
				SDKROOT = iphoneos;
				SWIFT_COMPILATION_MODE = wholemodule;
				SWIFT_OPTIMIZATION_LEVEL = "-O";
				VALIDATE_PRODUCT = YES;
			};
			name = Release;
		};
		F794D51A235395920023F7E9 /* Debug */ = {
			isa = XCBuildConfiguration;
			baseConfigurationReference = 19BC4FB97D38C4C0ACDCFD06 /* Pods-Service Center.debug.xcconfig */;
			buildSettings = {
				ASSETCATALOG_COMPILER_APPICON_NAME = AppIcon;
				CODE_SIGN_STYLE = Manual;
				DEVELOPMENT_TEAM = "";
				INFOPLIST_FILE = "Service Center/Info.plist";
				IPHONEOS_DEPLOYMENT_TARGET = 13.0;
				LD_RUNPATH_SEARCH_PATHS = (
					"$(inherited)",
					"@executable_path/Frameworks",
				);
				PRODUCT_BUNDLE_IDENTIFIER = "com.mohre.service-center";
				PRODUCT_NAME = "$(TARGET_NAME)";
				PROVISIONING_PROFILE_SPECIFIER = "";
				SWIFT_VERSION = 5.0;
				TARGETED_DEVICE_FAMILY = "1,2";
			};
			name = Debug;
		};
		F794D51B235395920023F7E9 /* Release */ = {
			isa = XCBuildConfiguration;
			baseConfigurationReference = 34F136CCFDACF7C788BE81E1 /* Pods-Service Center.release.xcconfig */;
			buildSettings = {
				ASSETCATALOG_COMPILER_APPICON_NAME = AppIcon;
				CODE_SIGN_STYLE = Manual;
				DEVELOPMENT_TEAM = "";
				INFOPLIST_FILE = "Service Center/Info.plist";
				IPHONEOS_DEPLOYMENT_TARGET = 13.0;
				LD_RUNPATH_SEARCH_PATHS = (
					"$(inherited)",
					"@executable_path/Frameworks",
				);
				PRODUCT_BUNDLE_IDENTIFIER = "com.mohre.service-center";
				PRODUCT_NAME = "$(TARGET_NAME)";
				PROVISIONING_PROFILE_SPECIFIER = "";
				SWIFT_VERSION = 5.0;
				TARGETED_DEVICE_FAMILY = "1,2";
			};
			name = Release;
		};
		F794D51D235395920023F7E9 /* Debug */ = {
			isa = XCBuildConfiguration;
			baseConfigurationReference = AC1239939185A5719CBFEE44 /* Pods-Service CenterTests.debug.xcconfig */;
			buildSettings = {
				ALWAYS_EMBED_SWIFT_STANDARD_LIBRARIES = YES;
				BUNDLE_LOADER = "$(TEST_HOST)";
				CODE_SIGN_STYLE = Automatic;
				INFOPLIST_FILE = "Service CenterTests/Info.plist";
				IPHONEOS_DEPLOYMENT_TARGET = 13.1;
				LD_RUNPATH_SEARCH_PATHS = (
					"$(inherited)",
					"@executable_path/Frameworks",
					"@loader_path/Frameworks",
				);
				PRODUCT_BUNDLE_IDENTIFIER = "com.mohre.Service-CenterTests";
				PRODUCT_NAME = "$(TARGET_NAME)";
				SWIFT_VERSION = 5.0;
				TARGETED_DEVICE_FAMILY = "1,2";
				TEST_HOST = "$(BUILT_PRODUCTS_DIR)/Service Center.app/Service Center";
			};
			name = Debug;
		};
		F794D51E235395920023F7E9 /* Release */ = {
			isa = XCBuildConfiguration;
			baseConfigurationReference = E7269CB7FDF75BFB29BA4554 /* Pods-Service CenterTests.release.xcconfig */;
			buildSettings = {
				ALWAYS_EMBED_SWIFT_STANDARD_LIBRARIES = YES;
				BUNDLE_LOADER = "$(TEST_HOST)";
				CODE_SIGN_STYLE = Automatic;
				INFOPLIST_FILE = "Service CenterTests/Info.plist";
				IPHONEOS_DEPLOYMENT_TARGET = 13.1;
				LD_RUNPATH_SEARCH_PATHS = (
					"$(inherited)",
					"@executable_path/Frameworks",
					"@loader_path/Frameworks",
				);
				PRODUCT_BUNDLE_IDENTIFIER = "com.mohre.Service-CenterTests";
				PRODUCT_NAME = "$(TARGET_NAME)";
				SWIFT_VERSION = 5.0;
				TARGETED_DEVICE_FAMILY = "1,2";
				TEST_HOST = "$(BUILT_PRODUCTS_DIR)/Service Center.app/Service Center";
			};
			name = Release;
		};
		F794D520235395920023F7E9 /* Debug */ = {
			isa = XCBuildConfiguration;
			baseConfigurationReference = 8B1FE62EE0492A22BAD09B19 /* Pods-Service Center-Service CenterUITests.debug.xcconfig */;
			buildSettings = {
				ALWAYS_EMBED_SWIFT_STANDARD_LIBRARIES = YES;
				CODE_SIGN_STYLE = Automatic;
				INFOPLIST_FILE = "Service CenterUITests/Info.plist";
				LD_RUNPATH_SEARCH_PATHS = (
					"$(inherited)",
					"@executable_path/Frameworks",
					"@loader_path/Frameworks",
				);
				PRODUCT_BUNDLE_IDENTIFIER = "com.mohre.Service-CenterUITests";
				PRODUCT_NAME = "$(TARGET_NAME)";
				SWIFT_VERSION = 5.0;
				TARGETED_DEVICE_FAMILY = "1,2";
				TEST_TARGET_NAME = "Service Center";
			};
			name = Debug;
		};
		F794D521235395920023F7E9 /* Release */ = {
			isa = XCBuildConfiguration;
			baseConfigurationReference = 774C5F7AB71B949781BE15D7 /* Pods-Service Center-Service CenterUITests.release.xcconfig */;
			buildSettings = {
				ALWAYS_EMBED_SWIFT_STANDARD_LIBRARIES = YES;
				CODE_SIGN_STYLE = Automatic;
				INFOPLIST_FILE = "Service CenterUITests/Info.plist";
				LD_RUNPATH_SEARCH_PATHS = (
					"$(inherited)",
					"@executable_path/Frameworks",
					"@loader_path/Frameworks",
				);
				PRODUCT_BUNDLE_IDENTIFIER = "com.mohre.Service-CenterUITests";
				PRODUCT_NAME = "$(TARGET_NAME)";
				SWIFT_VERSION = 5.0;
				TARGETED_DEVICE_FAMILY = "1,2";
				TEST_TARGET_NAME = "Service Center";
			};
			name = Release;
		};
/* End XCBuildConfiguration section */

/* Begin XCConfigurationList section */
		F794D4E7235395900023F7E9 /* Build configuration list for PBXProject "Service Center" */ = {
			isa = XCConfigurationList;
			buildConfigurations = (
				F794D517235395920023F7E9 /* Debug */,
				F794D518235395920023F7E9 /* Release */,
			);
			defaultConfigurationIsVisible = 0;
			defaultConfigurationName = Release;
		};
		F794D519235395920023F7E9 /* Build configuration list for PBXNativeTarget "Service Center" */ = {
			isa = XCConfigurationList;
			buildConfigurations = (
				F794D51A235395920023F7E9 /* Debug */,
				F794D51B235395920023F7E9 /* Release */,
			);
			defaultConfigurationIsVisible = 0;
			defaultConfigurationName = Release;
		};
		F794D51C235395920023F7E9 /* Build configuration list for PBXNativeTarget "Service CenterTests" */ = {
			isa = XCConfigurationList;
			buildConfigurations = (
				F794D51D235395920023F7E9 /* Debug */,
				F794D51E235395920023F7E9 /* Release */,
			);
			defaultConfigurationIsVisible = 0;
			defaultConfigurationName = Release;
		};
		F794D51F235395920023F7E9 /* Build configuration list for PBXNativeTarget "Service CenterUITests" */ = {
			isa = XCConfigurationList;
			buildConfigurations = (
				F794D520235395920023F7E9 /* Debug */,
				F794D521235395920023F7E9 /* Release */,
			);
			defaultConfigurationIsVisible = 0;
			defaultConfigurationName = Release;
		};
/* End XCConfigurationList section */

/* Begin XCVersionGroup section */
		F794D4F8235395900023F7E9 /* Service_Center.xcdatamodeld */ = {
			isa = XCVersionGroup;
			children = (
				F794D4F9235395900023F7E9 /* Service_Center.xcdatamodel */,
			);
			currentVersion = F794D4F9235395900023F7E9 /* Service_Center.xcdatamodel */;
			path = Service_Center.xcdatamodeld;
			sourceTree = "<group>";
			versionGroupType = wrapper.xcdatamodel;
		};
/* End XCVersionGroup section */
	};
	rootObject = F794D4E4235395900023F7E9 /* Project object */;
}
